// !$*UTF8*$!
{
	archiveVersion = 1;
	classes = {
	};
	objectVersion = 56;
	objects = {

/* Begin PBXBuildFile section */
		E859BF6A2BA4D20300D5FD14 /* TabBar.swift in Sources */ = {isa = PBXBuildFile; fileRef = E859BF692BA4D20300D5FD14 /* TabBar.swift */; };
		E859BF6C2BA4D77300D5FD14 /* LocationsView.swift in Sources */ = {isa = PBXBuildFile; fileRef = E859BF6B2BA4D77300D5FD14 /* LocationsView.swift */; };
		E859BF6E2BA4E53A00D5FD14 /* SettingsView.swift in Sources */ = {isa = PBXBuildFile; fileRef = E859BF6D2BA4E53A00D5FD14 /* SettingsView.swift */; };
		E859BF702BA606BE00D5FD14 /* ForeCastView.swift in Sources */ = {isa = PBXBuildFile; fileRef = E859BF6F2BA606BE00D5FD14 /* ForeCastView.swift */; };
		E859BF722BA633E600D5FD14 /* SheetView.swift in Sources */ = {isa = PBXBuildFile; fileRef = E859BF712BA633E600D5FD14 /* SheetView.swift */; };
		E859BF742BA7523300D5FD14 /* DonateView.swift in Sources */ = {isa = PBXBuildFile; fileRef = E859BF732BA7523300D5FD14 /* DonateView.swift */; };
		E859BF982BA7643F00D5FD14 /* SegmentedControl.swift in Sources */ = {isa = PBXBuildFile; fileRef = E859BF972BA7643F00D5FD14 /* SegmentedControl.swift */; };
		E859BF9A2BA76AD800D5FD14 /* Extensions.swift in Sources */ = {isa = PBXBuildFile; fileRef = E859BF992BA76AD800D5FD14 /* Extensions.swift */; };
		E859BF9C2BA76FEC00D5FD14 /* ForecastCardView.swift in Sources */ = {isa = PBXBuildFile; fileRef = E859BF9B2BA76FEC00D5FD14 /* ForecastCardView.swift */; };
		E859BF9E2BA7700E00D5FD14 /* ForecastCardModel.swift in Sources */ = {isa = PBXBuildFile; fileRef = E859BF9D2BA7700E00D5FD14 /* ForecastCardModel.swift */; };
		E89890BA2B57CBD700AA52C8 /* OpenWeatherApp.swift in Sources */ = {isa = PBXBuildFile; fileRef = E89890B92B57CBD700AA52C8 /* OpenWeatherApp.swift */; };
		E89890BC2B57CBD700AA52C8 /* ContentView.swift in Sources */ = {isa = PBXBuildFile; fileRef = E89890BB2B57CBD700AA52C8 /* ContentView.swift */; };
		E89890BE2B57CBD800AA52C8 /* Assets.xcassets in Resources */ = {isa = PBXBuildFile; fileRef = E89890BD2B57CBD800AA52C8 /* Assets.xcassets */; };
		E89890C12B57CBD800AA52C8 /* Preview Assets.xcassets in Resources */ = {isa = PBXBuildFile; fileRef = E89890C02B57CBD800AA52C8 /* Preview Assets.xcassets */; };
		E89890C82B57CCE900AA52C8 /* WeatherService.swift in Sources */ = {isa = PBXBuildFile; fileRef = E89890C72B57CCE900AA52C8 /* WeatherService.swift */; };
		E89890CA2B57D4EF00AA52C8 /* Weather.swift in Sources */ = {isa = PBXBuildFile; fileRef = E89890C92B57D4EF00AA52C8 /* Weather.swift */; };
		E89890CC2B57E54C00AA52C8 /* WeatherViewModel.swift in Sources */ = {isa = PBXBuildFile; fileRef = E89890CB2B57E54C00AA52C8 /* WeatherViewModel.swift */; };
		E8DA6A7B2BA837C9007462AD /* LocationService.swift in Sources */ = {isa = PBXBuildFile; fileRef = E8DA6A7A2BA837C9007462AD /* LocationService.swift */; };
		E8DA6A812BA85654007462AD /* SearchResult.swift in Sources */ = {isa = PBXBuildFile; fileRef = E8DA6A802BA85654007462AD /* SearchResult.swift */; };
		E8DA6A832BA88B3E007462AD /* AppearanceView.swift in Sources */ = {isa = PBXBuildFile; fileRef = E8DA6A822BA88B3E007462AD /* AppearanceView.swift */; };
		E8DA6A862BA8BC33007462AD /* Theme.swift in Sources */ = {isa = PBXBuildFile; fileRef = E8DA6A852BA8BC33007462AD /* Theme.swift */; };
		E8DA6A8D2BA969C7007462AD /* RadarView.swift in Sources */ = {isa = PBXBuildFile; fileRef = E8DA6A8C2BA969C7007462AD /* RadarView.swift */; };
		E8DA6A8F2BA988F1007462AD /* LocationSearchViewModel.swift in Sources */ = {isa = PBXBuildFile; fileRef = E8DA6A8E2BA988F1007462AD /* LocationSearchViewModel.swift */; };
		E8DA6A972BA98F5F007462AD /* WidgetKit.framework in Frameworks */ = {isa = PBXBuildFile; fileRef = E8DA6A962BA98F5F007462AD /* WidgetKit.framework */; };
		E8DA6A992BA98F5F007462AD /* SwiftUI.framework in Frameworks */ = {isa = PBXBuildFile; fileRef = E8DA6A982BA98F5F007462AD /* SwiftUI.framework */; };
		E8DA6A9C2BA98F5F007462AD /* TodayWidgetBundle.swift in Sources */ = {isa = PBXBuildFile; fileRef = E8DA6A9B2BA98F5F007462AD /* TodayWidgetBundle.swift */; };
		E8DA6A9E2BA98F5F007462AD /* TodayWidgetLiveActivity.swift in Sources */ = {isa = PBXBuildFile; fileRef = E8DA6A9D2BA98F5F007462AD /* TodayWidgetLiveActivity.swift */; };
		E8DA6AA02BA98F5F007462AD /* TodayWidget.swift in Sources */ = {isa = PBXBuildFile; fileRef = E8DA6A9F2BA98F5F007462AD /* TodayWidget.swift */; };
		E8DA6AA22BA98F5F007462AD /* AppIntent.swift in Sources */ = {isa = PBXBuildFile; fileRef = E8DA6AA12BA98F5F007462AD /* AppIntent.swift */; };
		E8DA6AA42BA98F62007462AD /* Assets.xcassets in Resources */ = {isa = PBXBuildFile; fileRef = E8DA6AA32BA98F62007462AD /* Assets.xcassets */; };
		E8DA6AA82BA98F62007462AD /* TodayWidgetExtension.appex in Embed Foundation Extensions */ = {isa = PBXBuildFile; fileRef = E8DA6A942BA98F5F007462AD /* TodayWidgetExtension.appex */; settings = {ATTRIBUTES = (RemoveHeadersOnCopy, ); }; };
		E8DA6AF22BAA2322007462AD /* Launch Screen.storyboard in Resources */ = {isa = PBXBuildFile; fileRef = E8DA6AF12BAA2322007462AD /* Launch Screen.storyboard */; };
/* End PBXBuildFile section */

/* Begin PBXContainerItemProxy section */
		E8DA6AA62BA98F62007462AD /* PBXContainerItemProxy */ = {
			isa = PBXContainerItemProxy;
			containerPortal = E89890AE2B57CBD700AA52C8 /* Project object */;
			proxyType = 1;
			remoteGlobalIDString = E8DA6A932BA98F5F007462AD;
			remoteInfo = TodayWidgetExtension;
		};
/* End PBXContainerItemProxy section */

/* Begin PBXCopyFilesBuildPhase section */
		E8DA6AAC2BA98F62007462AD /* Embed Foundation Extensions */ = {
			isa = PBXCopyFilesBuildPhase;
			buildActionMask = 2147483647;
			dstPath = "";
			dstSubfolderSpec = 13;
			files = (
				E8DA6AA82BA98F62007462AD /* TodayWidgetExtension.appex in Embed Foundation Extensions */,
			);
			name = "Embed Foundation Extensions";
			runOnlyForDeploymentPostprocessing = 0;
		};
/* End PBXCopyFilesBuildPhase section */

/* Begin PBXFileReference section */
		E859BF692BA4D20300D5FD14 /* TabBar.swift */ = {isa = PBXFileReference; lastKnownFileType = sourcecode.swift; path = TabBar.swift; sourceTree = "<group>"; };
		E859BF6B2BA4D77300D5FD14 /* LocationsView.swift */ = {isa = PBXFileReference; lastKnownFileType = sourcecode.swift; path = LocationsView.swift; sourceTree = "<group>"; };
		E859BF6D2BA4E53A00D5FD14 /* SettingsView.swift */ = {isa = PBXFileReference; lastKnownFileType = sourcecode.swift; path = SettingsView.swift; sourceTree = "<group>"; };
		E859BF6F2BA606BE00D5FD14 /* ForeCastView.swift */ = {isa = PBXFileReference; lastKnownFileType = sourcecode.swift; path = ForeCastView.swift; sourceTree = "<group>"; };
		E859BF712BA633E600D5FD14 /* SheetView.swift */ = {isa = PBXFileReference; lastKnownFileType = sourcecode.swift; path = SheetView.swift; sourceTree = "<group>"; };
		E859BF732BA7523300D5FD14 /* DonateView.swift */ = {isa = PBXFileReference; lastKnownFileType = sourcecode.swift; path = DonateView.swift; sourceTree = "<group>"; };
		E859BF972BA7643F00D5FD14 /* SegmentedControl.swift */ = {isa = PBXFileReference; lastKnownFileType = sourcecode.swift; path = SegmentedControl.swift; sourceTree = "<group>"; };
		E859BF992BA76AD800D5FD14 /* Extensions.swift */ = {isa = PBXFileReference; lastKnownFileType = sourcecode.swift; path = Extensions.swift; sourceTree = "<group>"; };
		E859BF9B2BA76FEC00D5FD14 /* ForecastCardView.swift */ = {isa = PBXFileReference; lastKnownFileType = sourcecode.swift; path = ForecastCardView.swift; sourceTree = "<group>"; };
		E859BF9D2BA7700E00D5FD14 /* ForecastCardModel.swift */ = {isa = PBXFileReference; lastKnownFileType = sourcecode.swift; path = ForecastCardModel.swift; sourceTree = "<group>"; };
		E89890B62B57CBD700AA52C8 /* OpenWeather.app */ = {isa = PBXFileReference; explicitFileType = wrapper.application; includeInIndex = 0; path = OpenWeather.app; sourceTree = BUILT_PRODUCTS_DIR; };
		E89890B92B57CBD700AA52C8 /* OpenWeatherApp.swift */ = {isa = PBXFileReference; lastKnownFileType = sourcecode.swift; path = OpenWeatherApp.swift; sourceTree = "<group>"; };
		E89890BB2B57CBD700AA52C8 /* ContentView.swift */ = {isa = PBXFileReference; lastKnownFileType = sourcecode.swift; path = ContentView.swift; sourceTree = "<group>"; };
		E89890BD2B57CBD800AA52C8 /* Assets.xcassets */ = {isa = PBXFileReference; lastKnownFileType = folder.assetcatalog; path = Assets.xcassets; sourceTree = "<group>"; };
		E89890C02B57CBD800AA52C8 /* Preview Assets.xcassets */ = {isa = PBXFileReference; lastKnownFileType = folder.assetcatalog; path = "Preview Assets.xcassets"; sourceTree = "<group>"; };
		E89890C72B57CCE900AA52C8 /* WeatherService.swift */ = {isa = PBXFileReference; lastKnownFileType = sourcecode.swift; path = WeatherService.swift; sourceTree = "<group>"; };
		E89890C92B57D4EF00AA52C8 /* Weather.swift */ = {isa = PBXFileReference; lastKnownFileType = sourcecode.swift; path = Weather.swift; sourceTree = "<group>"; };
		E89890CB2B57E54C00AA52C8 /* WeatherViewModel.swift */ = {isa = PBXFileReference; lastKnownFileType = sourcecode.swift; path = WeatherViewModel.swift; sourceTree = "<group>"; };
		E8DA6A7A2BA837C9007462AD /* LocationService.swift */ = {isa = PBXFileReference; lastKnownFileType = sourcecode.swift; path = LocationService.swift; sourceTree = "<group>"; };
		E8DA6A802BA85654007462AD /* SearchResult.swift */ = {isa = PBXFileReference; lastKnownFileType = sourcecode.swift; path = SearchResult.swift; sourceTree = "<group>"; };
		E8DA6A822BA88B3E007462AD /* AppearanceView.swift */ = {isa = PBXFileReference; lastKnownFileType = sourcecode.swift; path = AppearanceView.swift; sourceTree = "<group>"; };
		E8DA6A852BA8BC33007462AD /* Theme.swift */ = {isa = PBXFileReference; lastKnownFileType = sourcecode.swift; path = Theme.swift; sourceTree = "<group>"; };
		E8DA6A8C2BA969C7007462AD /* RadarView.swift */ = {isa = PBXFileReference; lastKnownFileType = sourcecode.swift; path = RadarView.swift; sourceTree = "<group>"; };
		E8DA6A8E2BA988F1007462AD /* LocationSearchViewModel.swift */ = {isa = PBXFileReference; lastKnownFileType = sourcecode.swift; path = LocationSearchViewModel.swift; sourceTree = "<group>"; };
		E8DA6A942BA98F5F007462AD /* TodayWidgetExtension.appex */ = {isa = PBXFileReference; explicitFileType = "wrapper.app-extension"; includeInIndex = 0; path = TodayWidgetExtension.appex; sourceTree = BUILT_PRODUCTS_DIR; };
		E8DA6A962BA98F5F007462AD /* WidgetKit.framework */ = {isa = PBXFileReference; lastKnownFileType = wrapper.framework; name = WidgetKit.framework; path = System/Library/Frameworks/WidgetKit.framework; sourceTree = SDKROOT; };
		E8DA6A982BA98F5F007462AD /* SwiftUI.framework */ = {isa = PBXFileReference; lastKnownFileType = wrapper.framework; name = SwiftUI.framework; path = System/Library/Frameworks/SwiftUI.framework; sourceTree = SDKROOT; };
		E8DA6A9B2BA98F5F007462AD /* TodayWidgetBundle.swift */ = {isa = PBXFileReference; lastKnownFileType = sourcecode.swift; path = TodayWidgetBundle.swift; sourceTree = "<group>"; };
		E8DA6A9D2BA98F5F007462AD /* TodayWidgetLiveActivity.swift */ = {isa = PBXFileReference; lastKnownFileType = sourcecode.swift; path = TodayWidgetLiveActivity.swift; sourceTree = "<group>"; };
		E8DA6A9F2BA98F5F007462AD /* TodayWidget.swift */ = {isa = PBXFileReference; lastKnownFileType = sourcecode.swift; path = TodayWidget.swift; sourceTree = "<group>"; };
		E8DA6AA12BA98F5F007462AD /* AppIntent.swift */ = {isa = PBXFileReference; lastKnownFileType = sourcecode.swift; path = AppIntent.swift; sourceTree = "<group>"; };
		E8DA6AA32BA98F62007462AD /* Assets.xcassets */ = {isa = PBXFileReference; lastKnownFileType = folder.assetcatalog; path = Assets.xcassets; sourceTree = "<group>"; };
		E8DA6AA52BA98F62007462AD /* Info.plist */ = {isa = PBXFileReference; lastKnownFileType = text.plist.xml; path = Info.plist; sourceTree = "<group>"; };
		E8DA6AF12BAA2322007462AD /* Launch Screen.storyboard */ = {isa = PBXFileReference; lastKnownFileType = file.storyboard; path = "Launch Screen.storyboard"; sourceTree = "<group>"; };
/* End PBXFileReference section */

/* Begin PBXFrameworksBuildPhase section */
		E89890B32B57CBD700AA52C8 /* Frameworks */ = {
			isa = PBXFrameworksBuildPhase;
			buildActionMask = 2147483647;
			files = (
			);
			runOnlyForDeploymentPostprocessing = 0;
		};
		E8DA6A912BA98F5F007462AD /* Frameworks */ = {
			isa = PBXFrameworksBuildPhase;
			buildActionMask = 2147483647;
			files = (
				E8DA6A992BA98F5F007462AD /* SwiftUI.framework in Frameworks */,
				E8DA6A972BA98F5F007462AD /* WidgetKit.framework in Frameworks */,
			);
			runOnlyForDeploymentPostprocessing = 0;
		};
/* End PBXFrameworksBuildPhase section */

/* Begin PBXGroup section */
		E89890AD2B57CBD700AA52C8 = {
			isa = PBXGroup;
			children = (
				E89890B82B57CBD700AA52C8 /* OpenWeather */,
				E8DA6A9A2BA98F5F007462AD /* TodayWidget */,
				E8DA6A952BA98F5F007462AD /* Frameworks */,
				E89890B72B57CBD700AA52C8 /* Products */,
			);
			sourceTree = "<group>";
		};
		E89890B72B57CBD700AA52C8 /* Products */ = {
			isa = PBXGroup;
			children = (
				E89890B62B57CBD700AA52C8 /* OpenWeather.app */,
				E8DA6A942BA98F5F007462AD /* TodayWidgetExtension.appex */,
			);
			name = Products;
			sourceTree = "<group>";
		};
		E89890B82B57CBD700AA52C8 /* OpenWeather */ = {
			isa = PBXGroup;
			children = (
				E8DA6AF12BAA2322007462AD /* Launch Screen.storyboard */,
				E89890B92B57CBD700AA52C8 /* OpenWeatherApp.swift */,
				E89890BB2B57CBD700AA52C8 /* ContentView.swift */,
				E8DA6A892BA968D5007462AD /* Model */,
				E8DA6A872BA96899007462AD /* Views */,
				E859BF712BA633E600D5FD14 /* SheetView.swift */,
				E8DA6A842BA8BC1D007462AD /* Theme */,
				E89890BD2B57CBD800AA52C8 /* Assets.xcassets */,
				E89890BF2B57CBD800AA52C8 /* Preview Content */,
			);
			path = OpenWeather;
			sourceTree = "<group>";
		};
		E89890BF2B57CBD800AA52C8 /* Preview Content */ = {
			isa = PBXGroup;
			children = (
				E89890C02B57CBD800AA52C8 /* Preview Assets.xcassets */,
			);
			path = "Preview Content";
			sourceTree = "<group>";
		};
		E8DA6A842BA8BC1D007462AD /* Theme */ = {
			isa = PBXGroup;
			children = (
				E8DA6A852BA8BC33007462AD /* Theme.swift */,
			);
			path = Theme;
			sourceTree = "<group>";
		};
		E8DA6A872BA96899007462AD /* Views */ = {
			isa = PBXGroup;
			children = (
				E859BF6D2BA4E53A00D5FD14 /* SettingsView.swift */,
				E859BF9B2BA76FEC00D5FD14 /* ForecastCardView.swift */,
				E859BF972BA7643F00D5FD14 /* SegmentedControl.swift */,
				E8DA6A8C2BA969C7007462AD /* RadarView.swift */,
				E8DA6A802BA85654007462AD /* SearchResult.swift */,
				E859BF732BA7523300D5FD14 /* DonateView.swift */,
				E8DA6A822BA88B3E007462AD /* AppearanceView.swift */,
				E859BF692BA4D20300D5FD14 /* TabBar.swift */,
				E859BF6B2BA4D77300D5FD14 /* LocationsView.swift */,
				E859BF6F2BA606BE00D5FD14 /* ForeCastView.swift */,
			);
			path = Views;
			sourceTree = "<group>";
		};
		E8DA6A892BA968D5007462AD /* Model */ = {
			isa = PBXGroup;
			children = (
				E859BF992BA76AD800D5FD14 /* Extensions.swift */,
				E8DA6A7A2BA837C9007462AD /* LocationService.swift */,
				E89890C72B57CCE900AA52C8 /* WeatherService.swift */,
				E89890C92B57D4EF00AA52C8 /* Weather.swift */,
				E8DA6A8E2BA988F1007462AD /* LocationSearchViewModel.swift */,
				E89890CB2B57E54C00AA52C8 /* WeatherViewModel.swift */,
				E859BF9D2BA7700E00D5FD14 /* ForecastCardModel.swift */,
			);
			path = Model;
			sourceTree = "<group>";
		};
		E8DA6A952BA98F5F007462AD /* Frameworks */ = {
			isa = PBXGroup;
			children = (
				E8DA6A962BA98F5F007462AD /* WidgetKit.framework */,
				E8DA6A982BA98F5F007462AD /* SwiftUI.framework */,
			);
			name = Frameworks;
			sourceTree = "<group>";
		};
		E8DA6A9A2BA98F5F007462AD /* TodayWidget */ = {
			isa = PBXGroup;
			children = (
				E8DA6A9B2BA98F5F007462AD /* TodayWidgetBundle.swift */,
				E8DA6A9D2BA98F5F007462AD /* TodayWidgetLiveActivity.swift */,
				E8DA6A9F2BA98F5F007462AD /* TodayWidget.swift */,
				E8DA6AA12BA98F5F007462AD /* AppIntent.swift */,
				E8DA6AA32BA98F62007462AD /* Assets.xcassets */,
				E8DA6AA52BA98F62007462AD /* Info.plist */,
			);
			path = TodayWidget;
			sourceTree = "<group>";
		};
/* End PBXGroup section */

/* Begin PBXNativeTarget section */
		E89890B52B57CBD700AA52C8 /* OpenWeather */ = {
			isa = PBXNativeTarget;
			buildConfigurationList = E89890C42B57CBD800AA52C8 /* Build configuration list for PBXNativeTarget "OpenWeather" */;
			buildPhases = (
				E89890B22B57CBD700AA52C8 /* Sources */,
				E89890B32B57CBD700AA52C8 /* Frameworks */,
				E89890B42B57CBD700AA52C8 /* Resources */,
				E8DA6AAC2BA98F62007462AD /* Embed Foundation Extensions */,
			);
			buildRules = (
			);
			dependencies = (
				E8DA6AA72BA98F62007462AD /* PBXTargetDependency */,
			);
			name = OpenWeather;
			productName = OpenWeather;
			productReference = E89890B62B57CBD700AA52C8 /* OpenWeather.app */;
			productType = "com.apple.product-type.application";
		};
		E8DA6A932BA98F5F007462AD /* TodayWidgetExtension */ = {
			isa = PBXNativeTarget;
			buildConfigurationList = E8DA6AA92BA98F62007462AD /* Build configuration list for PBXNativeTarget "TodayWidgetExtension" */;
			buildPhases = (
				E8DA6A902BA98F5F007462AD /* Sources */,
				E8DA6A912BA98F5F007462AD /* Frameworks */,
				E8DA6A922BA98F5F007462AD /* Resources */,
			);
			buildRules = (
			);
			dependencies = (
			);
			name = TodayWidgetExtension;
			productName = TodayWidgetExtension;
			productReference = E8DA6A942BA98F5F007462AD /* TodayWidgetExtension.appex */;
			productType = "com.apple.product-type.app-extension";
		};
/* End PBXNativeTarget section */

/* Begin PBXProject section */
		E89890AE2B57CBD700AA52C8 /* Project object */ = {
			isa = PBXProject;
			attributes = {
				BuildIndependentTargetsInParallel = 1;
				LastSwiftUpdateCheck = 1500;
				LastUpgradeCheck = 1500;
				TargetAttributes = {
					E89890B52B57CBD700AA52C8 = {
						CreatedOnToolsVersion = 15.0;
					};
					E8DA6A932BA98F5F007462AD = {
						CreatedOnToolsVersion = 15.0;
					};
				};
			};
			buildConfigurationList = E89890B12B57CBD700AA52C8 /* Build configuration list for PBXProject "OpenWeather" */;
			compatibilityVersion = "Xcode 14.0";
			developmentRegion = en;
			hasScannedForEncodings = 0;
			knownRegions = (
				en,
				Base,
			);
			mainGroup = E89890AD2B57CBD700AA52C8;
			productRefGroup = E89890B72B57CBD700AA52C8 /* Products */;
			projectDirPath = "";
			projectRoot = "";
			targets = (
				E89890B52B57CBD700AA52C8 /* OpenWeather */,
				E8DA6A932BA98F5F007462AD /* TodayWidgetExtension */,
			);
		};
/* End PBXProject section */

/* Begin PBXResourcesBuildPhase section */
		E89890B42B57CBD700AA52C8 /* Resources */ = {
			isa = PBXResourcesBuildPhase;
			buildActionMask = 2147483647;
			files = (
				E8DA6AF22BAA2322007462AD /* Launch Screen.storyboard in Resources */,
				E89890C12B57CBD800AA52C8 /* Preview Assets.xcassets in Resources */,
				E89890BE2B57CBD800AA52C8 /* Assets.xcassets in Resources */,
			);
			runOnlyForDeploymentPostprocessing = 0;
		};
		E8DA6A922BA98F5F007462AD /* Resources */ = {
			isa = PBXResourcesBuildPhase;
			buildActionMask = 2147483647;
			files = (
				E8DA6AA42BA98F62007462AD /* Assets.xcassets in Resources */,
			);
			runOnlyForDeploymentPostprocessing = 0;
		};
/* End PBXResourcesBuildPhase section */

/* Begin PBXSourcesBuildPhase section */
		E89890B22B57CBD700AA52C8 /* Sources */ = {
			isa = PBXSourcesBuildPhase;
			buildActionMask = 2147483647;
			files = (
				E89890CC2B57E54C00AA52C8 /* WeatherViewModel.swift in Sources */,
				E859BF6E2BA4E53A00D5FD14 /* SettingsView.swift in Sources */,
				E8DA6A832BA88B3E007462AD /* AppearanceView.swift in Sources */,
				E859BF722BA633E600D5FD14 /* SheetView.swift in Sources */,
				E859BF742BA7523300D5FD14 /* DonateView.swift in Sources */,
				E89890CA2B57D4EF00AA52C8 /* Weather.swift in Sources */,
				E89890BC2B57CBD700AA52C8 /* ContentView.swift in Sources */,
				E859BF6A2BA4D20300D5FD14 /* TabBar.swift in Sources */,
				E859BF702BA606BE00D5FD14 /* ForeCastView.swift in Sources */,
				E859BF9A2BA76AD800D5FD14 /* Extensions.swift in Sources */,
				E89890C82B57CCE900AA52C8 /* WeatherService.swift in Sources */,
				E8DA6A7B2BA837C9007462AD /* LocationService.swift in Sources */,
				E859BF9E2BA7700E00D5FD14 /* ForecastCardModel.swift in Sources */,
				E8DA6A862BA8BC33007462AD /* Theme.swift in Sources */,
				E89890BA2B57CBD700AA52C8 /* OpenWeatherApp.swift in Sources */,
				E8DA6A8D2BA969C7007462AD /* RadarView.swift in Sources */,
				E859BF9C2BA76FEC00D5FD14 /* ForecastCardView.swift in Sources */,
				E859BF982BA7643F00D5FD14 /* SegmentedControl.swift in Sources */,
				E8DA6A8F2BA988F1007462AD /* LocationSearchViewModel.swift in Sources */,
				E859BF6C2BA4D77300D5FD14 /* LocationsView.swift in Sources */,
				E8DA6A812BA85654007462AD /* SearchResult.swift in Sources */,
			);
			runOnlyForDeploymentPostprocessing = 0;
		};
		E8DA6A902BA98F5F007462AD /* Sources */ = {
			isa = PBXSourcesBuildPhase;
			buildActionMask = 2147483647;
			files = (
				E8DA6A9E2BA98F5F007462AD /* TodayWidgetLiveActivity.swift in Sources */,
				E8DA6AA22BA98F5F007462AD /* AppIntent.swift in Sources */,
				E8DA6AA02BA98F5F007462AD /* TodayWidget.swift in Sources */,
				E8DA6A9C2BA98F5F007462AD /* TodayWidgetBundle.swift in Sources */,
			);
			runOnlyForDeploymentPostprocessing = 0;
		};
/* End PBXSourcesBuildPhase section */

/* Begin PBXTargetDependency section */
		E8DA6AA72BA98F62007462AD /* PBXTargetDependency */ = {
			isa = PBXTargetDependency;
			target = E8DA6A932BA98F5F007462AD /* TodayWidgetExtension */;
			targetProxy = E8DA6AA62BA98F62007462AD /* PBXContainerItemProxy */;
		};
/* End PBXTargetDependency section */

/* Begin XCBuildConfiguration section */
		E89890C22B57CBD800AA52C8 /* Debug */ = {
			isa = XCBuildConfiguration;
			buildSettings = {
				ALWAYS_SEARCH_USER_PATHS = NO;
				ASSETCATALOG_COMPILER_GENERATE_SWIFT_ASSET_SYMBOL_EXTENSIONS = YES;
				CLANG_ANALYZER_NONNULL = YES;
				CLANG_ANALYZER_NUMBER_OBJECT_CONVERSION = YES_AGGRESSIVE;
				CLANG_CXX_LANGUAGE_STANDARD = "gnu++20";
				CLANG_ENABLE_MODULES = YES;
				CLANG_ENABLE_OBJC_ARC = YES;
				CLANG_ENABLE_OBJC_WEAK = YES;
				CLANG_WARN_BLOCK_CAPTURE_AUTORELEASING = YES;
				CLANG_WARN_BOOL_CONVERSION = YES;
				CLANG_WARN_COMMA = YES;
				CLANG_WARN_CONSTANT_CONVERSION = YES;
				CLANG_WARN_DEPRECATED_OBJC_IMPLEMENTATIONS = YES;
				CLANG_WARN_DIRECT_OBJC_ISA_USAGE = YES_ERROR;
				CLANG_WARN_DOCUMENTATION_COMMENTS = YES;
				CLANG_WARN_EMPTY_BODY = YES;
				CLANG_WARN_ENUM_CONVERSION = YES;
				CLANG_WARN_INFINITE_RECURSION = YES;
				CLANG_WARN_INT_CONVERSION = YES;
				CLANG_WARN_NON_LITERAL_NULL_CONVERSION = YES;
				CLANG_WARN_OBJC_IMPLICIT_RETAIN_SELF = YES;
				CLANG_WARN_OBJC_LITERAL_CONVERSION = YES;
				CLANG_WARN_OBJC_ROOT_CLASS = YES_ERROR;
				CLANG_WARN_QUOTED_INCLUDE_IN_FRAMEWORK_HEADER = YES;
				CLANG_WARN_RANGE_LOOP_ANALYSIS = YES;
				CLANG_WARN_STRICT_PROTOTYPES = YES;
				CLANG_WARN_SUSPICIOUS_MOVE = YES;
				CLANG_WARN_UNGUARDED_AVAILABILITY = YES_AGGRESSIVE;
				CLANG_WARN_UNREACHABLE_CODE = YES;
				CLANG_WARN__DUPLICATE_METHOD_MATCH = YES;
				COPY_PHASE_STRIP = NO;
				DEBUG_INFORMATION_FORMAT = dwarf;
				ENABLE_STRICT_OBJC_MSGSEND = YES;
				ENABLE_TESTABILITY = YES;
				ENABLE_USER_SCRIPT_SANDBOXING = YES;
				GCC_C_LANGUAGE_STANDARD = gnu17;
				GCC_DYNAMIC_NO_PIC = NO;
				GCC_NO_COMMON_BLOCKS = YES;
				GCC_OPTIMIZATION_LEVEL = 0;
				GCC_PREPROCESSOR_DEFINITIONS = (
					"DEBUG=1",
					"$(inherited)",
				);
				GCC_WARN_64_TO_32_BIT_CONVERSION = YES;
				GCC_WARN_ABOUT_RETURN_TYPE = YES_ERROR;
				GCC_WARN_UNDECLARED_SELECTOR = YES;
				GCC_WARN_UNINITIALIZED_AUTOS = YES_AGGRESSIVE;
				GCC_WARN_UNUSED_FUNCTION = YES;
				GCC_WARN_UNUSED_VARIABLE = YES;
				IPHONEOS_DEPLOYMENT_TARGET = 17.0;
				LOCALIZATION_PREFERS_STRING_CATALOGS = YES;
				MTL_ENABLE_DEBUG_INFO = INCLUDE_SOURCE;
				MTL_FAST_MATH = YES;
				ONLY_ACTIVE_ARCH = YES;
				SDKROOT = iphoneos;
				SWIFT_ACTIVE_COMPILATION_CONDITIONS = "DEBUG $(inherited)";
				SWIFT_OPTIMIZATION_LEVEL = "-Onone";
			};
			name = Debug;
		};
		E89890C32B57CBD800AA52C8 /* Release */ = {
			isa = XCBuildConfiguration;
			buildSettings = {
				ALWAYS_SEARCH_USER_PATHS = NO;
				ASSETCATALOG_COMPILER_GENERATE_SWIFT_ASSET_SYMBOL_EXTENSIONS = YES;
				CLANG_ANALYZER_NONNULL = YES;
				CLANG_ANALYZER_NUMBER_OBJECT_CONVERSION = YES_AGGRESSIVE;
				CLANG_CXX_LANGUAGE_STANDARD = "gnu++20";
				CLANG_ENABLE_MODULES = YES;
				CLANG_ENABLE_OBJC_ARC = YES;
				CLANG_ENABLE_OBJC_WEAK = YES;
				CLANG_WARN_BLOCK_CAPTURE_AUTORELEASING = YES;
				CLANG_WARN_BOOL_CONVERSION = YES;
				CLANG_WARN_COMMA = YES;
				CLANG_WARN_CONSTANT_CONVERSION = YES;
				CLANG_WARN_DEPRECATED_OBJC_IMPLEMENTATIONS = YES;
				CLANG_WARN_DIRECT_OBJC_ISA_USAGE = YES_ERROR;
				CLANG_WARN_DOCUMENTATION_COMMENTS = YES;
				CLANG_WARN_EMPTY_BODY = YES;
				CLANG_WARN_ENUM_CONVERSION = YES;
				CLANG_WARN_INFINITE_RECURSION = YES;
				CLANG_WARN_INT_CONVERSION = YES;
				CLANG_WARN_NON_LITERAL_NULL_CONVERSION = YES;
				CLANG_WARN_OBJC_IMPLICIT_RETAIN_SELF = YES;
				CLANG_WARN_OBJC_LITERAL_CONVERSION = YES;
				CLANG_WARN_OBJC_ROOT_CLASS = YES_ERROR;
				CLANG_WARN_QUOTED_INCLUDE_IN_FRAMEWORK_HEADER = YES;
				CLANG_WARN_RANGE_LOOP_ANALYSIS = YES;
				CLANG_WARN_STRICT_PROTOTYPES = YES;
				CLANG_WARN_SUSPICIOUS_MOVE = YES;
				CLANG_WARN_UNGUARDED_AVAILABILITY = YES_AGGRESSIVE;
				CLANG_WARN_UNREACHABLE_CODE = YES;
				CLANG_WARN__DUPLICATE_METHOD_MATCH = YES;
				COPY_PHASE_STRIP = NO;
				DEBUG_INFORMATION_FORMAT = "dwarf-with-dsym";
				ENABLE_NS_ASSERTIONS = NO;
				ENABLE_STRICT_OBJC_MSGSEND = YES;
				ENABLE_USER_SCRIPT_SANDBOXING = YES;
				GCC_C_LANGUAGE_STANDARD = gnu17;
				GCC_NO_COMMON_BLOCKS = YES;
				GCC_WARN_64_TO_32_BIT_CONVERSION = YES;
				GCC_WARN_ABOUT_RETURN_TYPE = YES_ERROR;
				GCC_WARN_UNDECLARED_SELECTOR = YES;
				GCC_WARN_UNINITIALIZED_AUTOS = YES_AGGRESSIVE;
				GCC_WARN_UNUSED_FUNCTION = YES;
				GCC_WARN_UNUSED_VARIABLE = YES;
				IPHONEOS_DEPLOYMENT_TARGET = 17.0;
				LOCALIZATION_PREFERS_STRING_CATALOGS = YES;
				MTL_ENABLE_DEBUG_INFO = NO;
				MTL_FAST_MATH = YES;
				SDKROOT = iphoneos;
				SWIFT_COMPILATION_MODE = wholemodule;
				VALIDATE_PRODUCT = YES;
			};
			name = Release;
		};
		E89890C52B57CBD800AA52C8 /* Debug */ = {
			isa = XCBuildConfiguration;
			buildSettings = {
				ALWAYS_EMBED_SWIFT_STANDARD_LIBRARIES = YES;
				ASSETCATALOG_COMPILER_APPICON_NAME = AppIcon;
				ASSETCATALOG_COMPILER_GLOBAL_ACCENT_COLOR_NAME = AccentColor;
				CODE_SIGN_STYLE = Automatic;
				CURRENT_PROJECT_VERSION = 1;
				DEVELOPMENT_ASSET_PATHS = "\"OpenWeather/Preview Content\"";
				DEVELOPMENT_TEAM = 36N72Y7M5U;
				ENABLE_PREVIEWS = YES;
				GENERATE_INFOPLIST_FILE = YES;
				INFOPLIST_KEY_NSLocationWhenInUseUsageDescription = "for weather";
				INFOPLIST_KEY_UIApplicationSceneManifest_Generation = YES;
				INFOPLIST_KEY_UIApplicationSupportsIndirectInputEvents = YES;
				INFOPLIST_KEY_UILaunchScreen_Generation = YES;
				INFOPLIST_KEY_UILaunchStoryboardName = "Launch Screen.storyboard";
				INFOPLIST_KEY_UISupportedInterfaceOrientations_iPad = "UIInterfaceOrientationPortrait UIInterfaceOrientationPortraitUpsideDown UIInterfaceOrientationLandscapeLeft UIInterfaceOrientationLandscapeRight";
				INFOPLIST_KEY_UISupportedInterfaceOrientations_iPhone = "UIInterfaceOrientationPortrait UIInterfaceOrientationLandscapeLeft UIInterfaceOrientationLandscapeRight";
				IPHONEOS_DEPLOYMENT_TARGET = 17.0;
				LD_RUNPATH_SEARCH_PATHS = (
					"$(inherited)",
					"@executable_path/Frameworks",
				);
				MARKETING_VERSION = 1.0;
				PRODUCT_BUNDLE_IDENTIFIER = testplay.OpenWeather;
				PRODUCT_NAME = "$(TARGET_NAME)";
				SWIFT_EMIT_LOC_STRINGS = YES;
				SWIFT_VERSION = 5.0;
				TARGETED_DEVICE_FAMILY = "1,2";
			};
			name = Debug;
		};
		E89890C62B57CBD800AA52C8 /* Release */ = {
			isa = XCBuildConfiguration;
			buildSettings = {
				ALWAYS_EMBED_SWIFT_STANDARD_LIBRARIES = YES;
				ASSETCATALOG_COMPILER_APPICON_NAME = AppIcon;
				ASSETCATALOG_COMPILER_GLOBAL_ACCENT_COLOR_NAME = AccentColor;
				CODE_SIGN_STYLE = Automatic;
				CURRENT_PROJECT_VERSION = 1;
				DEVELOPMENT_ASSET_PATHS = "\"OpenWeather/Preview Content\"";
				DEVELOPMENT_TEAM = 36N72Y7M5U;
				ENABLE_PREVIEWS = YES;
				GENERATE_INFOPLIST_FILE = YES;
				INFOPLIST_KEY_NSLocationWhenInUseUsageDescription = "for weather";
				INFOPLIST_KEY_UIApplicationSceneManifest_Generation = YES;
				INFOPLIST_KEY_UIApplicationSupportsIndirectInputEvents = YES;
				INFOPLIST_KEY_UILaunchScreen_Generation = YES;
				INFOPLIST_KEY_UILaunchStoryboardName = "Launch Screen.storyboard";
				INFOPLIST_KEY_UISupportedInterfaceOrientations_iPad = "UIInterfaceOrientationPortrait UIInterfaceOrientationPortraitUpsideDown UIInterfaceOrientationLandscapeLeft UIInterfaceOrientationLandscapeRight";
				INFOPLIST_KEY_UISupportedInterfaceOrientations_iPhone = "UIInterfaceOrientationPortrait UIInterfaceOrientationLandscapeLeft UIInterfaceOrientationLandscapeRight";
				IPHONEOS_DEPLOYMENT_TARGET = 17.0;
				LD_RUNPATH_SEARCH_PATHS = (
					"$(inherited)",
					"@executable_path/Frameworks",
				);
				MARKETING_VERSION = 1.0;
				PRODUCT_BUNDLE_IDENTIFIER = testplay.OpenWeather;
				PRODUCT_NAME = "$(TARGET_NAME)";
				SWIFT_EMIT_LOC_STRINGS = YES;
				SWIFT_VERSION = 5.0;
				TARGETED_DEVICE_FAMILY = "1,2";
			};
			name = Release;
		};
		E8DA6AAA2BA98F62007462AD /* Debug */ = {
			isa = XCBuildConfiguration;
			buildSettings = {
				ASSETCATALOG_COMPILER_GLOBAL_ACCENT_COLOR_NAME = AccentColor;
				ASSETCATALOG_COMPILER_WIDGET_BACKGROUND_COLOR_NAME = WidgetBackground;
				CODE_SIGN_STYLE = Automatic;
				CURRENT_PROJECT_VERSION = 1;
				DEVELOPMENT_TEAM = 36N72Y7M5U;
				GENERATE_INFOPLIST_FILE = YES;
				INFOPLIST_FILE = TodayWidget/Info.plist;
				INFOPLIST_KEY_CFBundleDisplayName = TodayWidget;
				INFOPLIST_KEY_NSHumanReadableCopyright = "";
				LD_RUNPATH_SEARCH_PATHS = (
					"$(inherited)",
					"@executable_path/Frameworks",
					"@executable_path/../../Frameworks",
				);
				MARKETING_VERSION = 1.0;
				PRODUCT_BUNDLE_IDENTIFIER = testplay.OpenWeather.TodayWidget;
				PRODUCT_NAME = "$(TARGET_NAME)";
				SKIP_INSTALL = YES;
				SWIFT_EMIT_LOC_STRINGS = YES;
				SWIFT_VERSION = 5.0;
				TARGETED_DEVICE_FAMILY = "1,2";
			};
			name = Debug;
		};
		E8DA6AAB2BA98F62007462AD /* Release */ = {
			isa = XCBuildConfiguration;
			buildSettings = {
				ASSETCATALOG_COMPILER_GLOBAL_ACCENT_COLOR_NAME = AccentColor;
				ASSETCATALOG_COMPILER_WIDGET_BACKGROUND_COLOR_NAME = WidgetBackground;
				CODE_SIGN_STYLE = Automatic;
				CURRENT_PROJECT_VERSION = 1;
				DEVELOPMENT_TEAM = 36N72Y7M5U;
				GENERATE_INFOPLIST_FILE = YES;
				INFOPLIST_FILE = TodayWidget/Info.plist;
				INFOPLIST_KEY_CFBundleDisplayName = TodayWidget;
				INFOPLIST_KEY_NSHumanReadableCopyright = "";
				LD_RUNPATH_SEARCH_PATHS = (
					"$(inherited)",
					"@executable_path/Frameworks",
					"@executable_path/../../Frameworks",
				);
				MARKETING_VERSION = 1.0;
				PRODUCT_BUNDLE_IDENTIFIER = testplay.OpenWeather.TodayWidget;
				PRODUCT_NAME = "$(TARGET_NAME)";
				SKIP_INSTALL = YES;
				SWIFT_EMIT_LOC_STRINGS = YES;
				SWIFT_VERSION = 5.0;
				TARGETED_DEVICE_FAMILY = "1,2";
			};
			name = Release;
		};
/* End XCBuildConfiguration section */

/* Begin XCConfigurationList section */
		E89890B12B57CBD700AA52C8 /* Build configuration list for PBXProject "OpenWeather" */ = {
			isa = XCConfigurationList;
			buildConfigurations = (
				E89890C22B57CBD800AA52C8 /* Debug */,
				E89890C32B57CBD800AA52C8 /* Release */,
			);
			defaultConfigurationIsVisible = 0;
			defaultConfigurationName = Release;
		};
		E89890C42B57CBD800AA52C8 /* Build configuration list for PBXNativeTarget "OpenWeather" */ = {
			isa = XCConfigurationList;
			buildConfigurations = (
				E89890C52B57CBD800AA52C8 /* Debug */,
				E89890C62B57CBD800AA52C8 /* Release */,
			);
			defaultConfigurationIsVisible = 0;
			defaultConfigurationName = Release;
		};
		E8DA6AA92BA98F62007462AD /* Build configuration list for PBXNativeTarget "TodayWidgetExtension" */ = {
			isa = XCConfigurationList;
			buildConfigurations = (
				E8DA6AAA2BA98F62007462AD /* Debug */,
				E8DA6AAB2BA98F62007462AD /* Release */,
			);
			defaultConfigurationIsVisible = 0;
			defaultConfigurationName = Release;
		};
/* End XCConfigurationList section */
	};
	rootObject = E89890AE2B57CBD700AA52C8 /* Project object */;
}
